
Microsoft Visual Studio Solution File, Format Version 12.00
# Visual Studio Version 17
VisualStudioVersion = 17.5.33502.453
MinimumVisualStudioVersion = 10.0.40219.1
Project("{FAE04EC0-301F-11D3-BF4B-00C04F79EFBC}") = "BarcodeAPI", "BarcodeAPI.csproj", "{1160862C-5F61-41EC-A48A-CB6EEE7D1136}"
EndProject
Global
	GlobalSection(SolutionConfigurationPlatforms) = preSolution
		Debug|Any CPU = Debug|Any CPU
		Release|Any CPU = Release|Any CPU
	EndGlobalSection
	GlobalSection(ProjectConfigurationPlatforms) = postSolution
		{1160862C-5F61-41EC-A48A-CB6EEE7D1136}.Debug|Any CPU.ActiveCfg = Debug|Any CPU
		{1160862C-5F61-41EC-A48A-CB6EEE7D1136}.Debug|Any CPU.Build.0 = Debug|Any CPU
		{1160862C-5F61-41EC-A48A-CB6EEE7D1136}.Release|Any CPU.ActiveCfg = Release|Any CPU
		{1160862C-5F61-41EC-A48A-CB6EEE7D1136}.Release|Any CPU.Build.0 = Release|Any CPU
	EndGlobalSection
	GlobalSection(SolutionProperties) = preSolution
		HideSolutionNode = FALSE
	EndGlobalSection
	GlobalSection(ExtensibilityGlobals) = postSolution
		SolutionGuid = {EDC13BF5-3A8E-413E-98D0-AD09340456F6}
	EndGlobalSection
EndGlobal
